PODS:
  - DynamicBlurView (3.0.1)
  - GTProgressBar (0.3.2)
  - MarqueeLabel/Swift (3.2.0)
  - NotificationBannerSwift (1.7.3):
    - MarqueeLabel/Swift (~> 3.2.0)
    - SnapKit (~> 4.0.1)
  - PopupDialog (0.9.1):
    - DynamicBlurView (~> 3.0.1)
  - SideMenuSwift (1.0.0)
  - SnapKit (4.0.1)
  - SwiftySound (1.0.0)
  - SwiftyStoreKit (0.13.3)
  - XLActionController (4.1.0):
    - XLActionController/Core (= 4.1.0)
  - XLActionController/Core (4.1.0)
  - XLActionController/Periscope (4.1.0):
    - XLActionController/Core
  - XLActionController/Twitter (4.1.0):
    - XLActionController/Core

DEPENDENCIES:
  - GTProgressBar
  - NotificationBannerSwift
  - PopupDialog
  - SideMenuSwift
  - SwiftySound
  - SwiftyStoreKit
  - XLActionController
  - XLActionController/Periscope
  - XLActionController/Twitter

SPEC REPOS:
  https://github.com/cocoapods/specs.git:
    - DynamicBlurView
    - GTProgressBar
    - MarqueeLabel
    - NotificationBannerSwift
    - PopupDialog
    - SideMenuSwift
    - SnapKit
    - SwiftySound
    - SwiftyStoreKit
    - XLActionController

SPEC CHECKSUMS:
  DynamicBlurView: b1df5415f9bd31897549e5d7077e5ec120a4d636
  GTProgressBar: 3aa9731127b3ef193935d450928c3bd0f46bb1c4
  MarqueeLabel: 440a502b91a9179bd98f9fff00ba1150650a1c0e
  NotificationBannerSwift: c9f4bc868d78df975ed59c0b2fccdbbe0e863efe
  PopupDialog: 03985b669c29802661c187513bf827340db1ae4d
  SideMenuSwift: f8567754feb36ade13ffd613f608829f4b86d4b3
  SnapKit: 0de968a9fec17499afa29683b05d0c775b6d1c29
  SwiftySound: b9c3370956fd4ed65ed79d45563070077a50a2cd
  SwiftyStoreKit: 9ebd15971e28aa2989825fe8bc092eb5f75dd0b2
  XLActionController: e8a8b38d3b226a69921e412e769d8483d1794064

PODFILE CHECKSUM: d00e472a0ab6643dc844276297db58a820560a77

COCOAPODS: 1.5.2
